// !$*UTF8*$!
{
	archiveVersion = 1;
	classes = {
	};
	objectVersion = 50;
	objects = {

/* Begin PBXBuildFile section */
		B572945224252AC50003AC10 /* AppDelegate.swift in Sources */ = {isa = PBXBuildFile; fileRef = B572945124252AC50003AC10 /* AppDelegate.swift */; };
		B572945424252AC50003AC10 /* SceneDelegate.swift in Sources */ = {isa = PBXBuildFile; fileRef = B572945324252AC50003AC10 /* SceneDelegate.swift */; };
		B572945624252AC50003AC10 /* ContentView.swift in Sources */ = {isa = PBXBuildFile; fileRef = B572945524252AC50003AC10 /* ContentView.swift */; };
		B572945824252AC80003AC10 /* Assets.xcassets in Resources */ = {isa = PBXBuildFile; fileRef = B572945724252AC80003AC10 /* Assets.xcassets */; };
		B572945B24252AC80003AC10 /* Preview Assets.xcassets in Resources */ = {isa = PBXBuildFile; fileRef = B572945A24252AC80003AC10 /* Preview Assets.xcassets */; };
		B572945E24252AC80003AC10 /* LaunchScreen.storyboard in Resources */ = {isa = PBXBuildFile; fileRef = B572945C24252AC80003AC10 /* LaunchScreen.storyboard */; };
		B572946924252AC90003AC10 /* MusicPlayerTests.swift in Sources */ = {isa = PBXBuildFile; fileRef = B572946824252AC90003AC10 /* MusicPlayerTests.swift */; };
		B572947424252AC90003AC10 /* MusicPlayerUITests.swift in Sources */ = {isa = PBXBuildFile; fileRef = B572947324252AC90003AC10 /* MusicPlayerUITests.swift */; };
		B572948224252CD10003AC10 /* LibraryView.swift in Sources */ = {isa = PBXBuildFile; fileRef = B572948124252CD10003AC10 /* LibraryView.swift */; };
		B572948424252D300003AC10 /* RecommendationView.swift in Sources */ = {isa = PBXBuildFile; fileRef = B572948324252D300003AC10 /* RecommendationView.swift */; };
		B572948624252DDF0003AC10 /* BrowseView.swift in Sources */ = {isa = PBXBuildFile; fileRef = B572948524252DDF0003AC10 /* BrowseView.swift */; };
/* End PBXBuildFile section */

/* Begin PBXContainerItemProxy section */
		B572946524252AC90003AC10 /* PBXContainerItemProxy */ = {
			isa = PBXContainerItemProxy;
			containerPortal = B572944624252AC50003AC10 /* Project object */;
			proxyType = 1;
			remoteGlobalIDString = B572944D24252AC50003AC10;
			remoteInfo = MusicPlayer;
		};
		B572947024252AC90003AC10 /* PBXContainerItemProxy */ = {
			isa = PBXContainerItemProxy;
			containerPortal = B572944624252AC50003AC10 /* Project object */;
			proxyType = 1;
			remoteGlobalIDString = B572944D24252AC50003AC10;
			remoteInfo = MusicPlayer;
		};
/* End PBXContainerItemProxy section */

/* Begin PBXFileReference section */
		B572944E24252AC50003AC10 /* MusicPlayer.app */ = {isa = PBXFileReference; explicitFileType = wrapper.application; includeInIndex = 0; path = MusicPlayer.app; sourceTree = BUILT_PRODUCTS_DIR; };
		B572945124252AC50003AC10 /* AppDelegate.swift */ = {isa = PBXFileReference; lastKnownFileType = sourcecode.swift; path = AppDelegate.swift; sourceTree = "<group>"; };
		B572945324252AC50003AC10 /* SceneDelegate.swift */ = {isa = PBXFileReference; lastKnownFileType = sourcecode.swift; path = SceneDelegate.swift; sourceTree = "<group>"; };
		B572945524252AC50003AC10 /* ContentView.swift */ = {isa = PBXFileReference; lastKnownFileType = sourcecode.swift; path = ContentView.swift; sourceTree = "<group>"; };
		B572945724252AC80003AC10 /* Assets.xcassets */ = {isa = PBXFileReference; lastKnownFileType = folder.assetcatalog; path = Assets.xcassets; sourceTree = "<group>"; };
		B572945A24252AC80003AC10 /* Preview Assets.xcassets */ = {isa = PBXFileReference; lastKnownFileType = folder.assetcatalog; path = "Preview Assets.xcassets"; sourceTree = "<group>"; };
		B572945D24252AC80003AC10 /* Base */ = {isa = PBXFileReference; lastKnownFileType = file.storyboard; name = Base; path = Base.lproj/LaunchScreen.storyboard; sourceTree = "<group>"; };
		B572945F24252AC80003AC10 /* Info.plist */ = {isa = PBXFileReference; lastKnownFileType = text.plist.xml; path = Info.plist; sourceTree = "<group>"; };
		B572946424252AC90003AC10 /* MusicPlayerTests.xctest */ = {isa = PBXFileReference; explicitFileType = wrapper.cfbundle; includeInIndex = 0; path = MusicPlayerTests.xctest; sourceTree = BUILT_PRODUCTS_DIR; };
		B572946824252AC90003AC10 /* MusicPlayerTests.swift */ = {isa = PBXFileReference; lastKnownFileType = sourcecode.swift; path = MusicPlayerTests.swift; sourceTree = "<group>"; };
		B572946A24252AC90003AC10 /* Info.plist */ = {isa = PBXFileReference; lastKnownFileType = text.plist.xml; path = Info.plist; sourceTree = "<group>"; };
		B572946F24252AC90003AC10 /* MusicPlayerUITests.xctest */ = {isa = PBXFileReference; explicitFileType = wrapper.cfbundle; includeInIndex = 0; path = MusicPlayerUITests.xctest; sourceTree = BUILT_PRODUCTS_DIR; };
		B572947324252AC90003AC10 /* MusicPlayerUITests.swift */ = {isa = PBXFileReference; lastKnownFileType = sourcecode.swift; path = MusicPlayerUITests.swift; sourceTree = "<group>"; };
		B572947524252AC90003AC10 /* Info.plist */ = {isa = PBXFileReference; lastKnownFileType = text.plist.xml; path = Info.plist; sourceTree = "<group>"; };
		B572948124252CD10003AC10 /* LibraryView.swift */ = {isa = PBXFileReference; lastKnownFileType = sourcecode.swift; path = LibraryView.swift; sourceTree = "<group>"; };
		B572948324252D300003AC10 /* RecommendationView.swift */ = {isa = PBXFileReference; lastKnownFileType = sourcecode.swift; path = RecommendationView.swift; sourceTree = "<group>"; };
		B572948524252DDF0003AC10 /* BrowseView.swift */ = {isa = PBXFileReference; lastKnownFileType = sourcecode.swift; path = BrowseView.swift; sourceTree = "<group>"; };
/* End PBXFileReference section */

/* Begin PBXFrameworksBuildPhase section */
		B572944B24252AC50003AC10 /* Frameworks */ = {
			isa = PBXFrameworksBuildPhase;
			buildActionMask = 2147483647;
			files = (
			);
			runOnlyForDeploymentPostprocessing = 0;
		};
		B572946124252AC90003AC10 /* Frameworks */ = {
			isa = PBXFrameworksBuildPhase;
			buildActionMask = 2147483647;
			files = (
			);
			runOnlyForDeploymentPostprocessing = 0;
		};
		B572946C24252AC90003AC10 /* Frameworks */ = {
			isa = PBXFrameworksBuildPhase;
			buildActionMask = 2147483647;
			files = (
			);
			runOnlyForDeploymentPostprocessing = 0;
		};
/* End PBXFrameworksBuildPhase section */

/* Begin PBXGroup section */
		B572944524252AC50003AC10 = {
			isa = PBXGroup;
			children = (
				B572945024252AC50003AC10 /* MusicPlayer */,
				B572946724252AC90003AC10 /* MusicPlayerTests */,
				B572947224252AC90003AC10 /* MusicPlayerUITests */,
				B572944F24252AC50003AC10 /* Products */,
			);
			sourceTree = "<group>";
		};
		B572944F24252AC50003AC10 /* Products */ = {
			isa = PBXGroup;
			children = (
				B572944E24252AC50003AC10 /* MusicPlayer.app */,
				B572946424252AC90003AC10 /* MusicPlayerTests.xctest */,
				B572946F24252AC90003AC10 /* MusicPlayerUITests.xctest */,
			);
			name = Products;
			sourceTree = "<group>";
		};
		B572945024252AC50003AC10 /* MusicPlayer */ = {
			isa = PBXGroup;
			children = (
				B572945124252AC50003AC10 /* AppDelegate.swift */,
				B572945324252AC50003AC10 /* SceneDelegate.swift */,
				B572945524252AC50003AC10 /* ContentView.swift */,
				B572948324252D300003AC10 /* RecommendationView.swift */,
				B572948524252DDF0003AC10 /* BrowseView.swift */,
				B572948124252CD10003AC10 /* LibraryView.swift */,
				B572945724252AC80003AC10 /* Assets.xcassets */,
				B572945C24252AC80003AC10 /* LaunchScreen.storyboard */,
				B572945F24252AC80003AC10 /* Info.plist */,
				B572945924252AC80003AC10 /* Preview Content */,
			);
			path = MusicPlayer;
			sourceTree = "<group>";
		};
		B572945924252AC80003AC10 /* Preview Content */ = {
			isa = PBXGroup;
			children = (
				B572945A24252AC80003AC10 /* Preview Assets.xcassets */,
			);
			path = "Preview Content";
			sourceTree = "<group>";
		};
		B572946724252AC90003AC10 /* MusicPlayerTests */ = {
			isa = PBXGroup;
			children = (
				B572946824252AC90003AC10 /* MusicPlayerTests.swift */,
				B572946A24252AC90003AC10 /* Info.plist */,
			);
			path = MusicPlayerTests;
			sourceTree = "<group>";
		};
		B572947224252AC90003AC10 /* MusicPlayerUITests */ = {
			isa = PBXGroup;
			children = (
				B572947324252AC90003AC10 /* MusicPlayerUITests.swift */,
				B572947524252AC90003AC10 /* Info.plist */,
			);
			path = MusicPlayerUITests;
			sourceTree = "<group>";
		};
/* End PBXGroup section */

/* Begin PBXNativeTarget section */
		B572944D24252AC50003AC10 /* MusicPlayer */ = {
			isa = PBXNativeTarget;
			buildConfigurationList = B572947824252AC90003AC10 /* Build configuration list for PBXNativeTarget "MusicPlayer" */;
			buildPhases = (
				B572944A24252AC50003AC10 /* Sources */,
				B572944B24252AC50003AC10 /* Frameworks */,
				B572944C24252AC50003AC10 /* Resources */,
			);
			buildRules = (
			);
			dependencies = (
			);
			name = MusicPlayer;
			productName = MusicPlayer;
			productReference = B572944E24252AC50003AC10 /* MusicPlayer.app */;
			productType = "com.apple.product-type.application";
		};
		B572946324252AC90003AC10 /* MusicPlayerTests */ = {
			isa = PBXNativeTarget;
			buildConfigurationList = B572947B24252AC90003AC10 /* Build configuration list for PBXNativeTarget "MusicPlayerTests" */;
			buildPhases = (
				B572946024252AC90003AC10 /* Sources */,
				B572946124252AC90003AC10 /* Frameworks */,
				B572946224252AC90003AC10 /* Resources */,
			);
			buildRules = (
			);
			dependencies = (
				B572946624252AC90003AC10 /* PBXTargetDependency */,
			);
			name = MusicPlayerTests;
			productName = MusicPlayerTests;
			productReference = B572946424252AC90003AC10 /* MusicPlayerTests.xctest */;
			productType = "com.apple.product-type.bundle.unit-test";
		};
		B572946E24252AC90003AC10 /* MusicPlayerUITests */ = {
			isa = PBXNativeTarget;
			buildConfigurationList = B572947E24252AC90003AC10 /* Build configuration list for PBXNativeTarget "MusicPlayerUITests" */;
			buildPhases = (
				B572946B24252AC90003AC10 /* Sources */,
				B572946C24252AC90003AC10 /* Frameworks */,
				B572946D24252AC90003AC10 /* Resources */,
			);
			buildRules = (
			);
			dependencies = (
				B572947124252AC90003AC10 /* PBXTargetDependency */,
			);
			name = MusicPlayerUITests;
			productName = MusicPlayerUITests;
			productReference = B572946F24252AC90003AC10 /* MusicPlayerUITests.xctest */;
			productType = "com.apple.product-type.bundle.ui-testing";
		};
/* End PBXNativeTarget section */

/* Begin PBXProject section */
		B572944624252AC50003AC10 /* Project object */ = {
			isa = PBXProject;
			attributes = {
				LastSwiftUpdateCheck = 1130;
				LastUpgradeCheck = 1130;
				ORGANIZATIONNAME = "Максим";
				TargetAttributes = {
					B572944D24252AC50003AC10 = {
						CreatedOnToolsVersion = 11.3.1;
					};
					B572946324252AC90003AC10 = {
						CreatedOnToolsVersion = 11.3.1;
						TestTargetID = B572944D24252AC50003AC10;
					};
					B572946E24252AC90003AC10 = {
						CreatedOnToolsVersion = 11.3.1;
						TestTargetID = B572944D24252AC50003AC10;
					};
				};
			};
			buildConfigurationList = B572944924252AC50003AC10 /* Build configuration list for PBXProject "MusicPlayer" */;
			compatibilityVersion = "Xcode 9.3";
			developmentRegion = en;
			hasScannedForEncodings = 0;
			knownRegions = (
				en,
				Base,
			);
			mainGroup = B572944524252AC50003AC10;
			productRefGroup = B572944F24252AC50003AC10 /* Products */;
			projectDirPath = "";
			projectRoot = "";
			targets = (
				B572944D24252AC50003AC10 /* MusicPlayer */,
				B572946324252AC90003AC10 /* MusicPlayerTests */,
				B572946E24252AC90003AC10 /* MusicPlayerUITests */,
			);
		};
/* End PBXProject section */

/* Begin PBXResourcesBuildPhase section */
		B572944C24252AC50003AC10 /* Resources */ = {
			isa = PBXResourcesBuildPhase;
			buildActionMask = 2147483647;
			files = (
				B572945E24252AC80003AC10 /* LaunchScreen.storyboard in Resources */,
				B572945B24252AC80003AC10 /* Preview Assets.xcassets in Resources */,
				B572945824252AC80003AC10 /* Assets.xcassets in Resources */,
			);
			runOnlyForDeploymentPostprocessing = 0;
		};
		B572946224252AC90003AC10 /* Resources */ = {
			isa = PBXResourcesBuildPhase;
			buildActionMask = 2147483647;
			files = (
			);
			runOnlyForDeploymentPostprocessing = 0;
		};
		B572946D24252AC90003AC10 /* Resources */ = {
			isa = PBXResourcesBuildPhase;
			buildActionMask = 2147483647;
			files = (
			);
			runOnlyForDeploymentPostprocessing = 0;
		};
/* End PBXResourcesBuildPhase section */

/* Begin PBXSourcesBuildPhase section */
		B572944A24252AC50003AC10 /* Sources */ = {
			isa = PBXSourcesBuildPhase;
			buildActionMask = 2147483647;
			files = (
				B572948224252CD10003AC10 /* LibraryView.swift in Sources */,
				B572945224252AC50003AC10 /* AppDelegate.swift in Sources */,
				B572948424252D300003AC10 /* RecommendationView.swift in Sources */,
				B572945424252AC50003AC10 /* SceneDelegate.swift in Sources */,
				B572948624252DDF0003AC10 /* BrowseView.swift in Sources */,
				B572945624252AC50003AC10 /* ContentView.swift in Sources */,
			);
			runOnlyForDeploymentPostprocessing = 0;
		};
		B572946024252AC90003AC10 /* Sources */ = {
			isa = PBXSourcesBuildPhase;
			buildActionMask = 2147483647;
			files = (
				B572946924252AC90003AC10 /* MusicPlayerTests.swift in Sources */,
			);
			runOnlyForDeploymentPostprocessing = 0;
		};
		B572946B24252AC90003AC10 /* Sources */ = {
			isa = PBXSourcesBuildPhase;
			buildActionMask = 2147483647;
			files = (
				B572947424252AC90003AC10 /* MusicPlayerUITests.swift in Sources */,
			);
			runOnlyForDeploymentPostprocessing = 0;
		};
/* End PBXSourcesBuildPhase section */

/* Begin PBXTargetDependency section */
		B572946624252AC90003AC10 /* PBXTargetDependency */ = {
			isa = PBXTargetDependency;
			target = B572944D24252AC50003AC10 /* MusicPlayer */;
			targetProxy = B572946524252AC90003AC10 /* PBXContainerItemProxy */;
		};
		B572947124252AC90003AC10 /* PBXTargetDependency */ = {
			isa = PBXTargetDependency;
			target = B572944D24252AC50003AC10 /* MusicPlayer */;
			targetProxy = B572947024252AC90003AC10 /* PBXContainerItemProxy */;
		};
/* End PBXTargetDependency section */

/* Begin PBXVariantGroup section */
		B572945C24252AC80003AC10 /* LaunchScreen.storyboard */ = {
			isa = PBXVariantGroup;
			children = (
				B572945D24252AC80003AC10 /* Base */,
			);
			name = LaunchScreen.storyboard;
			sourceTree = "<group>";
		};
/* End PBXVariantGroup section */

/* Begin XCBuildConfiguration section */
		B572947624252AC90003AC10 /* Debug */ = {
			isa = XCBuildConfiguration;
			buildSettings = {
				ALWAYS_SEARCH_USER_PATHS = NO;
				CLANG_ANALYZER_NONNULL = YES;
				CLANG_ANALYZER_NUMBER_OBJECT_CONVERSION = YES_AGGRESSIVE;
				CLANG_CXX_LANGUAGE_STANDARD = "gnu++14";
				CLANG_CXX_LIBRARY = "libc++";
				CLANG_ENABLE_MODULES = YES;
				CLANG_ENABLE_OBJC_ARC = YES;
				CLANG_ENABLE_OBJC_WEAK = YES;
				CLANG_WARN_BLOCK_CAPTURE_AUTORELEASING = YES;
				CLANG_WARN_BOOL_CONVERSION = YES;
				CLANG_WARN_COMMA = YES;
				CLANG_WARN_CONSTANT_CONVERSION = YES;
				CLANG_WARN_DEPRECATED_OBJC_IMPLEMENTATIONS = YES;
				CLANG_WARN_DIRECT_OBJC_ISA_USAGE = YES_ERROR;
				CLANG_WARN_DOCUMENTATION_COMMENTS = YES;
				CLANG_WARN_EMPTY_BODY = YES;
				CLANG_WARN_ENUM_CONVERSION = YES;
				CLANG_WARN_INFINITE_RECURSION = YES;
				CLANG_WARN_INT_CONVERSION = YES;
				CLANG_WARN_NON_LITERAL_NULL_CONVERSION = YES;
				CLANG_WARN_OBJC_IMPLICIT_RETAIN_SELF = YES;
				CLANG_WARN_OBJC_LITERAL_CONVERSION = YES;
				CLANG_WARN_OBJC_ROOT_CLASS = YES_ERROR;
				CLANG_WARN_RANGE_LOOP_ANALYSIS = YES;
				CLANG_WARN_STRICT_PROTOTYPES = YES;
				CLANG_WARN_SUSPICIOUS_MOVE = YES;
				CLANG_WARN_UNGUARDED_AVAILABILITY = YES_AGGRESSIVE;
				CLANG_WARN_UNREACHABLE_CODE = YES;
				CLANG_WARN__DUPLICATE_METHOD_MATCH = YES;
				COPY_PHASE_STRIP = NO;
				DEBUG_INFORMATION_FORMAT = dwarf;
				ENABLE_STRICT_OBJC_MSGSEND = YES;
				ENABLE_TESTABILITY = YES;
				GCC_C_LANGUAGE_STANDARD = gnu11;
				GCC_DYNAMIC_NO_PIC = NO;
				GCC_NO_COMMON_BLOCKS = YES;
				GCC_OPTIMIZATION_LEVEL = 0;
				GCC_PREPROCESSOR_DEFINITIONS = (
					"DEBUG=1",
					"$(inherited)",
				);
				GCC_WARN_64_TO_32_BIT_CONVERSION = YES;
				GCC_WARN_ABOUT_RETURN_TYPE = YES_ERROR;
				GCC_WARN_UNDECLARED_SELECTOR = YES;
				GCC_WARN_UNINITIALIZED_AUTOS = YES_AGGRESSIVE;
				GCC_WARN_UNUSED_FUNCTION = YES;
				GCC_WARN_UNUSED_VARIABLE = YES;
				IPHONEOS_DEPLOYMENT_TARGET = 13.2;
				MTL_ENABLE_DEBUG_INFO = INCLUDE_SOURCE;
				MTL_FAST_MATH = YES;
				ONLY_ACTIVE_ARCH = YES;
				SDKROOT = iphoneos;
				SWIFT_ACTIVE_COMPILATION_CONDITIONS = DEBUG;
				SWIFT_OPTIMIZATION_LEVEL = "-Onone";
			};
			name = Debug;
		};
		B572947724252AC90003AC10 /* Release */ = {
			isa = XCBuildConfiguration;
			buildSettings = {
				ALWAYS_SEARCH_USER_PATHS = NO;
				CLANG_ANALYZER_NONNULL = YES;
				CLANG_ANALYZER_NUMBER_OBJECT_CONVERSION = YES_AGGRESSIVE;
				CLANG_CXX_LANGUAGE_STANDARD = "gnu++14";
				CLANG_CXX_LIBRARY = "libc++";
				CLANG_ENABLE_MODULES = YES;
				CLANG_ENABLE_OBJC_ARC = YES;
				CLANG_ENABLE_OBJC_WEAK = YES;
				CLANG_WARN_BLOCK_CAPTURE_AUTORELEASING = YES;
				CLANG_WARN_BOOL_CONVERSION = YES;
				CLANG_WARN_COMMA = YES;
				CLANG_WARN_CONSTANT_CONVERSION = YES;
				CLANG_WARN_DEPRECATED_OBJC_IMPLEMENTATIONS = YES;
				CLANG_WARN_DIRECT_OBJC_ISA_USAGE = YES_ERROR;
				CLANG_WARN_DOCUMENTATION_COMMENTS = YES;
				CLANG_WARN_EMPTY_BODY = YES;
				CLANG_WARN_ENUM_CONVERSION = YES;
				CLANG_WARN_INFINITE_RECURSION = YES;
				CLANG_WARN_INT_CONVERSION = YES;
				CLANG_WARN_NON_LITERAL_NULL_CONVERSION = YES;
				CLANG_WARN_OBJC_IMPLICIT_RETAIN_SELF = YES;
				CLANG_WARN_OBJC_LITERAL_CONVERSION = YES;
				CLANG_WARN_OBJC_ROOT_CLASS = YES_ERROR;
				CLANG_WARN_RANGE_LOOP_ANALYSIS = YES;
				CLANG_WARN_STRICT_PROTOTYPES = YES;
				CLANG_WARN_SUSPICIOUS_MOVE = YES;
				CLANG_WARN_UNGUARDED_AVAILABILITY = YES_AGGRESSIVE;
				CLANG_WARN_UNREACHABLE_CODE = YES;
				CLANG_WARN__DUPLICATE_METHOD_MATCH = YES;
				COPY_PHASE_STRIP = NO;
				DEBUG_INFORMATION_FORMAT = "dwarf-with-dsym";
				ENABLE_NS_ASSERTIONS = NO;
				ENABLE_STRICT_OBJC_MSGSEND = YES;
				GCC_C_LANGUAGE_STANDARD = gnu11;
				GCC_NO_COMMON_BLOCKS = YES;
				GCC_WARN_64_TO_32_BIT_CONVERSION = YES;
				GCC_WARN_ABOUT_RETURN_TYPE = YES_ERROR;
				GCC_WARN_UNDECLARED_SELECTOR = YES;
				GCC_WARN_UNINITIALIZED_AUTOS = YES_AGGRESSIVE;
				GCC_WARN_UNUSED_FUNCTION = YES;
				GCC_WARN_UNUSED_VARIABLE = YES;
				IPHONEOS_DEPLOYMENT_TARGET = 13.2;
				MTL_ENABLE_DEBUG_INFO = NO;
				MTL_FAST_MATH = YES;
				SDKROOT = iphoneos;
				SWIFT_COMPILATION_MODE = wholemodule;
				SWIFT_OPTIMIZATION_LEVEL = "-O";
				VALIDATE_PRODUCT = YES;
			};
			name = Release;
		};
		B572947924252AC90003AC10 /* Debug */ = {
			isa = XCBuildConfiguration;
			buildSettings = {
				ASSETCATALOG_COMPILER_APPICON_NAME = AppIcon;
				CODE_SIGN_STYLE = Automatic;
				DEVELOPMENT_ASSET_PATHS = "\"MusicPlayer/Preview Content\"";
				DEVELOPMENT_TEAM = W7G8NRL7L9;
				ENABLE_PREVIEWS = YES;
				INFOPLIST_FILE = MusicPlayer/Info.plist;
				LD_RUNPATH_SEARCH_PATHS = (
					"$(inherited)",
					"@executable_path/Frameworks",
				);
				PRODUCT_BUNDLE_IDENTIFIER = com.maksimmalyshev.MusicPlayer;
				PRODUCT_NAME = "$(TARGET_NAME)";
				SWIFT_VERSION = 5.0;
				TARGETED_DEVICE_FAMILY = "1,2";
			};
			name = Debug;
		};
		B572947A24252AC90003AC10 /* Release */ = {
			isa = XCBuildConfiguration;
			buildSettings = {
				ASSETCATALOG_COMPILER_APPICON_NAME = AppIcon;
				CODE_SIGN_STYLE = Automatic;
				DEVELOPMENT_ASSET_PATHS = "\"MusicPlayer/Preview Content\"";
				DEVELOPMENT_TEAM = W7G8NRL7L9;
				ENABLE_PREVIEWS = YES;
				INFOPLIST_FILE = MusicPlayer/Info.plist;
				LD_RUNPATH_SEARCH_PATHS = (
					"$(inherited)",
					"@executable_path/Frameworks",
				);
				PRODUCT_BUNDLE_IDENTIFIER = com.maksimmalyshev.MusicPlayer;
				PRODUCT_NAME = "$(TARGET_NAME)";
				SWIFT_VERSION = 5.0;
				TARGETED_DEVICE_FAMILY = "1,2";
			};
			name = Release;
		};
		B572947C24252AC90003AC10 /* Debug */ = {
			isa = XCBuildConfiguration;
			buildSettings = {
				ALWAYS_EMBED_SWIFT_STANDARD_LIBRARIES = YES;
				BUNDLE_LOADER = "$(TEST_HOST)";
				CODE_SIGN_STYLE = Automatic;
				DEVELOPMENT_TEAM = W7G8NRL7L9;
				INFOPLIST_FILE = MusicPlayerTests/Info.plist;
				IPHONEOS_DEPLOYMENT_TARGET = 13.2;
				LD_RUNPATH_SEARCH_PATHS = (
					"$(inherited)",
					"@executable_path/Frameworks",
					"@loader_path/Frameworks",
				);
				PRODUCT_BUNDLE_IDENTIFIER = com.maksimmalyshev.MusicPlayerTests;
				PRODUCT_NAME = "$(TARGET_NAME)";
				SWIFT_VERSION = 5.0;
				TARGETED_DEVICE_FAMILY = "1,2";
				TEST_HOST = "$(BUILT_PRODUCTS_DIR)/MusicPlayer.app/MusicPlayer";
			};
			name = Debug;
		};
		B572947D24252AC90003AC10 /* Release */ = {
			isa = XCBuildConfiguration;
			buildSettings = {
				ALWAYS_EMBED_SWIFT_STANDARD_LIBRARIES = YES;
				BUNDLE_LOADER = "$(TEST_HOST)";
				CODE_SIGN_STYLE = Automatic;
				DEVELOPMENT_TEAM = W7G8NRL7L9;
				INFOPLIST_FILE = MusicPlayerTests/Info.plist;
				IPHONEOS_DEPLOYMENT_TARGET = 13.2;
				LD_RUNPATH_SEARCH_PATHS = (
					"$(inherited)",
					"@executable_path/Frameworks",
					"@loader_path/Frameworks",
				);
				PRODUCT_BUNDLE_IDENTIFIER = com.maksimmalyshev.MusicPlayerTests;
				PRODUCT_NAME = "$(TARGET_NAME)";
				SWIFT_VERSION = 5.0;
				TARGETED_DEVICE_FAMILY = "1,2";
				TEST_HOST = "$(BUILT_PRODUCTS_DIR)/MusicPlayer.app/MusicPlayer";
			};
			name = Release;
		};
		B572947F24252AC90003AC10 /* Debug */ = {
			isa = XCBuildConfiguration;
			buildSettings = {
				ALWAYS_EMBED_SWIFT_STANDARD_LIBRARIES = YES;
				CODE_SIGN_STYLE = Automatic;
				DEVELOPMENT_TEAM = W7G8NRL7L9;
				INFOPLIST_FILE = MusicPlayerUITests/Info.plist;
				LD_RUNPATH_SEARCH_PATHS = (
					"$(inherited)",
					"@executable_path/Frameworks",
					"@loader_path/Frameworks",
				);
				PRODUCT_BUNDLE_IDENTIFIER = com.maksimmalyshev.MusicPlayerUITests;
				PRODUCT_NAME = "$(TARGET_NAME)";
				SWIFT_VERSION = 5.0;
				TARGETED_DEVICE_FAMILY = "1,2";
				TEST_TARGET_NAME = MusicPlayer;
			};
			name = Debug;
		};
		B572948024252AC90003AC10 /* Release */ = {
			isa = XCBuildConfiguration;
			buildSettings = {
				ALWAYS_EMBED_SWIFT_STANDARD_LIBRARIES = YES;
				CODE_SIGN_STYLE = Automatic;
				DEVELOPMENT_TEAM = W7G8NRL7L9;
				INFOPLIST_FILE = MusicPlayerUITests/Info.plist;
				LD_RUNPATH_SEARCH_PATHS = (
					"$(inherited)",
					"@executable_path/Frameworks",
					"@loader_path/Frameworks",
				);
				PRODUCT_BUNDLE_IDENTIFIER = com.maksimmalyshev.MusicPlayerUITests;
				PRODUCT_NAME = "$(TARGET_NAME)";
				SWIFT_VERSION = 5.0;
				TARGETED_DEVICE_FAMILY = "1,2";
				TEST_TARGET_NAME = MusicPlayer;
			};
			name = Release;
		};
/* End XCBuildConfiguration section */

/* Begin XCConfigurationList section */
		B572944924252AC50003AC10 /* Build configuration list for PBXProject "MusicPlayer" */ = {
			isa = XCConfigurationList;
			buildConfigurations = (
				B572947624252AC90003AC10 /* Debug */,
				B572947724252AC90003AC10 /* Release */,
			);
			defaultConfigurationIsVisible = 0;
			defaultConfigurationName = Release;
		};
		B572947824252AC90003AC10 /* Build configuration list for PBXNativeTarget "MusicPlayer" */ = {
			isa = XCConfigurationList;
			buildConfigurations = (
				B572947924252AC90003AC10 /* Debug */,
				B572947A24252AC90003AC10 /* Release */,
			);
			defaultConfigurationIsVisible = 0;
			defaultConfigurationName = Release;
		};
		B572947B24252AC90003AC10 /* Build configuration list for PBXNativeTarget "MusicPlayerTests" */ = {
			isa = XCConfigurationList;
			buildConfigurations = (
				B572947C24252AC90003AC10 /* Debug */,
				B572947D24252AC90003AC10 /* Release */,
			);
			defaultConfigurationIsVisible = 0;
			defaultConfigurationName = Release;
		};
		B572947E24252AC90003AC10 /* Build configuration list for PBXNativeTarget "MusicPlayerUITests" */ = {
			isa = XCConfigurationList;
			buildConfigurations = (
				B572947F24252AC90003AC10 /* Debug */,
				B572948024252AC90003AC10 /* Release */,
			);
			defaultConfigurationIsVisible = 0;
			defaultConfigurationName = Release;
		};
/* End XCConfigurationList section */
	};
	rootObject = B572944624252AC50003AC10 /* Project object */;
}
